
Microsoft Visual Studio Solution File, Format Version 12.00
# Visual Studio Version 17
VisualStudioVersion = 17.0.31903.59
MinimumVisualStudioVersion = 10.0.40219.1
Project("{2150E333-8FDC-42A3-9474-1A3956D46DE8}") = "src", "src", "{827E0CD3-B72D-47B6-A68D-7590B98EB39B}"
EndProject
Project("{FAE04EC0-301F-11D3-BF4B-00C04F79EFBC}") = "FieldOps.Api", "src\FieldOps.Api\FieldOps.Api.csproj", "{CA2DDB29-F7B8-40BE-9B50-345CB86ECDC2}"
EndProject
Project("{FAE04EC0-301F-11D3-BF4B-00C04F79EFBC}") = "FieldOps.Application", "src\FieldOps.Application\FieldOps.Application.csproj", "{F5641D36-2528-42D8-8128-2CBD3C4F3893}"
EndProject
Project("{FAE04EC0-301F-11D3-BF4B-00C04F79EFBC}") = "FieldOps.Domain", "src\FieldOps.Domain\FieldOps.Domain.csproj", "{A8B1E555-3888-4E2C-9847-216BDDCE4AEB}"
EndProject
Project("{FAE04EC0-301F-11D3-BF4B-00C04F79EFBC}") = "FieldOps.Infrastructure", "src\FieldOps.Infrastructure\FieldOps.Infrastructure.csproj", "{6DB293C5-E64E-4B2A-B4F5-51704EB3E4BF}"
EndProject
Project("{2150E333-8FDC-42A3-9474-1A3956D46DE8}") = "tests", "tests", "{0AB3BF05-4346-4AA6-1389-037BE0695223}"
EndProject
Project("{FAE04EC0-301F-11D3-BF4B-00C04F79EFBC}") = "FieldOps.Api.Tests", "tests\FieldOps.Api.Tests\FieldOps.Api.Tests.csproj", "{8D7C0623-D237-49B7-A699-53FE2999317E}"
EndProject
Project("{FAE04EC0-301F-11D3-BF4B-00C04F79EFBC}") = "FieldOps.Application.Tests", "tests\FieldOps.Application.Tests\FieldOps.Application.Tests.csproj", "{E7D2C61A-9F96-4B14-A53A-121203650C19}"
EndProject
Project("{FAE04EC0-301F-11D3-BF4B-00C04F79EFBC}") = "FieldOps.Domain.Tests", "tests\FieldOps.Domain.Tests\FieldOps.Domain.Tests.csproj", "{474865D7-99D4-426C-AC1F-944B18EA9940}"
EndProject
Global
	GlobalSection(SolutionConfigurationPlatforms) = preSolution
		Debug|Any CPU = Debug|Any CPU
		Debug|x64 = Debug|x64
		Debug|x86 = Debug|x86
		Release|Any CPU = Release|Any CPU
		Release|x64 = Release|x64
		Release|x86 = Release|x86
	EndGlobalSection
	GlobalSection(ProjectConfigurationPlatforms) = postSolution
		{CA2DDB29-F7B8-40BE-9B50-345CB86ECDC2}.Debug|Any CPU.ActiveCfg = Debug|Any CPU
		{CA2DDB29-F7B8-40BE-9B50-345CB86ECDC2}.Debug|Any CPU.Build.0 = Debug|Any CPU
		{CA2DDB29-F7B8-40BE-9B50-345CB86ECDC2}.Debug|x64.ActiveCfg = Debug|Any CPU
		{CA2DDB29-F7B8-40BE-9B50-345CB86ECDC2}.Debug|x64.Build.0 = Debug|Any CPU
		{CA2DDB29-F7B8-40BE-9B50-345CB86ECDC2}.Debug|x86.ActiveCfg = Debug|Any CPU
		{CA2DDB29-F7B8-40BE-9B50-345CB86ECDC2}.Debug|x86.Build.0 = Debug|Any CPU
		{CA2DDB29-F7B8-40BE-9B50-345CB86ECDC2}.Release|Any CPU.ActiveCfg = Release|Any CPU
		{CA2DDB29-F7B8-40BE-9B50-345CB86ECDC2}.Release|Any CPU.Build.0 = Release|Any CPU
		{CA2DDB29-F7B8-40BE-9B50-345CB86ECDC2}.Release|x64.ActiveCfg = Release|Any CPU
		{CA2DDB29-F7B8-40BE-9B50-345CB86ECDC2}.Release|x64.Build.0 = Release|Any CPU
		{CA2DDB29-F7B8-40BE-9B50-345CB86ECDC2}.Release|x86.ActiveCfg = Release|Any CPU
		{CA2DDB29-F7B8-40BE-9B50-345CB86ECDC2}.Release|x86.Build.0 = Release|Any CPU
		{F5641D36-2528-42D8-8128-2CBD3C4F3893}.Debug|Any CPU.ActiveCfg = Debug|Any CPU
		{F5641D36-2528-42D8-8128-2CBD3C4F3893}.Debug|Any CPU.Build.0 = Debug|Any CPU
		{F5641D36-2528-42D8-8128-2CBD3C4F3893}.Debug|x64.ActiveCfg = Debug|Any CPU
		{F5641D36-2528-42D8-8128-2CBD3C4F3893}.Debug|x64.Build.0 = Debug|Any CPU
		{F5641D36-2528-42D8-8128-2CBD3C4F3893}.Debug|x86.ActiveCfg = Debug|Any CPU
		{F5641D36-2528-42D8-8128-2CBD3C4F3893}.Debug|x86.Build.0 = Debug|Any CPU
		{F5641D36-2528-42D8-8128-2CBD3C4F3893}.Release|Any CPU.ActiveCfg = Release|Any CPU
		{F5641D36-2528-42D8-8128-2CBD3C4F3893}.Release|Any CPU.Build.0 = Release|Any CPU
		{F5641D36-2528-42D8-8128-2CBD3C4F3893}.Release|x64.ActiveCfg = Release|Any CPU
		{F5641D36-2528-42D8-8128-2CBD3C4F3893}.Release|x64.Build.0 = Release|Any CPU
		{F5641D36-2528-42D8-8128-2CBD3C4F3893}.Release|x86.ActiveCfg = Release|Any CPU
		{F5641D36-2528-42D8-8128-2CBD3C4F3893}.Release|x86.Build.0 = Release|Any CPU
		{A8B1E555-3888-4E2C-9847-216BDDCE4AEB}.Debug|Any CPU.ActiveCfg = Debug|Any CPU
		{A8B1E555-3888-4E2C-9847-216BDDCE4AEB}.Debug|Any CPU.Build.0 = Debug|Any CPU
		{A8B1E555-3888-4E2C-9847-216BDDCE4AEB}.Debug|x64.ActiveCfg = Debug|Any CPU
		{A8B1E555-3888-4E2C-9847-216BDDCE4AEB}.Debug|x64.Build.0 = Debug|Any CPU
		{A8B1E555-3888-4E2C-9847-216BDDCE4AEB}.Debug|x86.ActiveCfg = Debug|Any CPU
		{A8B1E555-3888-4E2C-9847-216BDDCE4AEB}.Debug|x86.Build.0 = Debug|Any CPU
		{A8B1E555-3888-4E2C-9847-216BDDCE4AEB}.Release|Any CPU.ActiveCfg = Release|Any CPU
		{A8B1E555-3888-4E2C-9847-216BDDCE4AEB}.Release|Any CPU.Build.0 = Release|Any CPU
		{A8B1E555-3888-4E2C-9847-216BDDCE4AEB}.Release|x64.ActiveCfg = Release|Any CPU
		{A8B1E555-3888-4E2C-9847-216BDDCE4AEB}.Release|x64.Build.0 = Release|Any CPU
		{A8B1E555-3888-4E2C-9847-216BDDCE4AEB}.Release|x86.ActiveCfg = Release|Any CPU
		{A8B1E555-3888-4E2C-9847-216BDDCE4AEB}.Release|x86.Build.0 = Release|Any CPU
		{6DB293C5-E64E-4B2A-B4F5-51704EB3E4BF}.Debug|Any CPU.ActiveCfg = Debug|Any CPU
		{6DB293C5-E64E-4B2A-B4F5-51704EB3E4BF}.Debug|Any CPU.Build.0 = Debug|Any CPU
		{6DB293C5-E64E-4B2A-B4F5-51704EB3E4BF}.Debug|x64.ActiveCfg = Debug|Any CPU
		{6DB293C5-E64E-4B2A-B4F5-51704EB3E4BF}.Debug|x64.Build.0 = Debug|Any CPU
		{6DB293C5-E64E-4B2A-B4F5-51704EB3E4BF}.Debug|x86.ActiveCfg = Debug|Any CPU
		{6DB293C5-E64E-4B2A-B4F5-51704EB3E4BF}.Debug|x86.Build.0 = Debug|Any CPU
		{6DB293C5-E64E-4B2A-B4F5-51704EB3E4BF}.Release|Any CPU.ActiveCfg = Release|Any CPU
		{6DB293C5-E64E-4B2A-B4F5-51704EB3E4BF}.Release|Any CPU.Build.0 = Release|Any CPU
		{6DB293C5-E64E-4B2A-B4F5-51704EB3E4BF}.Release|x64.ActiveCfg = Release|Any CPU
		{6DB293C5-E64E-4B2A-B4F5-51704EB3E4BF}.Release|x64.Build.0 = Release|Any CPU
		{6DB293C5-E64E-4B2A-B4F5-51704EB3E4BF}.Release|x86.ActiveCfg = Release|Any CPU
		{6DB293C5-E64E-4B2A-B4F5-51704EB3E4BF}.Release|x86.Build.0 = Release|Any CPU
		{8D7C0623-D237-49B7-A699-53FE2999317E}.Debug|Any CPU.ActiveCfg = Debug|Any CPU
		{8D7C0623-D237-49B7-A699-53FE2999317E}.Debug|Any CPU.Build.0 = Debug|Any CPU
		{8D7C0623-D237-49B7-A699-53FE2999317E}.Debug|x64.ActiveCfg = Debug|Any CPU
		{8D7C0623-D237-49B7-A699-53FE2999317E}.Debug|x64.Build.0 = Debug|Any CPU
		{8D7C0623-D237-49B7-A699-53FE2999317E}.Debug|x86.ActiveCfg = Debug|Any CPU
		{8D7C0623-D237-49B7-A699-53FE2999317E}.Debug|x86.Build.0 = Debug|Any CPU
		{8D7C0623-D237-49B7-A699-53FE2999317E}.Release|Any CPU.ActiveCfg = Release|Any CPU
		{8D7C0623-D237-49B7-A699-53FE2999317E}.Release|Any CPU.Build.0 = Release|Any CPU
		{8D7C0623-D237-49B7-A699-53FE2999317E}.Release|x64.ActiveCfg = Release|Any CPU
		{8D7C0623-D237-49B7-A699-53FE2999317E}.Release|x64.Build.0 = Release|Any CPU
		{8D7C0623-D237-49B7-A699-53FE2999317E}.Release|x86.ActiveCfg = Release|Any CPU
		{8D7C0623-D237-49B7-A699-53FE2999317E}.Release|x86.Build.0 = Release|Any CPU
		{E7D2C61A-9F96-4B14-A53A-121203650C19}.Debug|Any CPU.ActiveCfg = Debug|Any CPU
		{E7D2C61A-9F96-4B14-A53A-121203650C19}.Debug|Any CPU.Build.0 = Debug|Any CPU
		{E7D2C61A-9F96-4B14-A53A-121203650C19}.Debug|x64.ActiveCfg = Debug|Any CPU
		{E7D2C61A-9F96-4B14-A53A-121203650C19}.Debug|x64.Build.0 = Debug|Any CPU
		{E7D2C61A-9F96-4B14-A53A-121203650C19}.Debug|x86.ActiveCfg = Debug|Any CPU
		{E7D2C61A-9F96-4B14-A53A-121203650C19}.Debug|x86.Build.0 = Debug|Any CPU
		{E7D2C61A-9F96-4B14-A53A-121203650C19}.Release|Any CPU.ActiveCfg = Release|Any CPU
		{E7D2C61A-9F96-4B14-A53A-121203650C19}.Release|Any CPU.Build.0 = Release|Any CPU
		{E7D2C61A-9F96-4B14-A53A-121203650C19}.Release|x64.ActiveCfg = Release|Any CPU
		{E7D2C61A-9F96-4B14-A53A-121203650C19}.Release|x64.Build.0 = Release|Any CPU
		{E7D2C61A-9F96-4B14-A53A-121203650C19}.Release|x86.ActiveCfg = Release|Any CPU
		{E7D2C61A-9F96-4B14-A53A-121203650C19}.Release|x86.Build.0 = Release|Any CPU
		{474865D7-99D4-426C-AC1F-944B18EA9940}.Debug|Any CPU.ActiveCfg = Debug|Any CPU
		{474865D7-99D4-426C-AC1F-944B18EA9940}.Debug|Any CPU.Build.0 = Debug|Any CPU
		{474865D7-99D4-426C-AC1F-944B18EA9940}.Debug|x64.ActiveCfg = Debug|Any CPU
		{474865D7-99D4-426C-AC1F-944B18EA9940}.Debug|x64.Build.0 = Debug|Any CPU
		{474865D7-99D4-426C-AC1F-944B18EA9940}.Debug|x86.ActiveCfg = Debug|Any CPU
		{474865D7-99D4-426C-AC1F-944B18EA9940}.Debug|x86.Build.0 = Debug|Any CPU
		{474865D7-99D4-426C-AC1F-944B18EA9940}.Release|Any CPU.ActiveCfg = Release|Any CPU
		{474865D7-99D4-426C-AC1F-944B18EA9940}.Release|Any CPU.Build.0 = Release|Any CPU
		{474865D7-99D4-426C-AC1F-944B18EA9940}.Release|x64.ActiveCfg = Release|Any CPU
		{474865D7-99D4-426C-AC1F-944B18EA9940}.Release|x64.Build.0 = Release|Any CPU
		{474865D7-99D4-426C-AC1F-944B18EA9940}.Release|x86.ActiveCfg = Release|Any CPU
		{474865D7-99D4-426C-AC1F-944B18EA9940}.Release|x86.Build.0 = Release|Any CPU
	EndGlobalSection
	GlobalSection(SolutionProperties) = preSolution
		HideSolutionNode = FALSE
	EndGlobalSection
	GlobalSection(NestedProjects) = preSolution
		{CA2DDB29-F7B8-40BE-9B50-345CB86ECDC2} = {827E0CD3-B72D-47B6-A68D-7590B98EB39B}
		{F5641D36-2528-42D8-8128-2CBD3C4F3893} = {827E0CD3-B72D-47B6-A68D-7590B98EB39B}
		{A8B1E555-3888-4E2C-9847-216BDDCE4AEB} = {827E0CD3-B72D-47B6-A68D-7590B98EB39B}
		{6DB293C5-E64E-4B2A-B4F5-51704EB3E4BF} = {827E0CD3-B72D-47B6-A68D-7590B98EB39B}
		{8D7C0623-D237-49B7-A699-53FE2999317E} = {0AB3BF05-4346-4AA6-1389-037BE0695223}
		{E7D2C61A-9F96-4B14-A53A-121203650C19} = {0AB3BF05-4346-4AA6-1389-037BE0695223}
		{474865D7-99D4-426C-AC1F-944B18EA9940} = {0AB3BF05-4346-4AA6-1389-037BE0695223}
	EndGlobalSection
EndGlobal
